
Microsoft Visual Studio Solution File, Format Version 12.00
# Visual Studio Version 16
VisualStudioVersion = 16.0.30523.141
MinimumVisualStudioVersion = 10.0.40219.1
Project("{FAE04EC0-301F-11D3-BF4B-00C04F79EFBC}") = "Проверка пароля", "Проверка пароля\Проверка пароля.csproj", "{644F4DDB-5EDF-4CCF-A2BC-C7B55EF5E76F}"
EndProject
Global
	GlobalSection(SolutionConfigurationPlatforms) = preSolution
		Debug|Any CPU = Debug|Any CPU
		Release|Any CPU = Release|Any CPU
	EndGlobalSection
	GlobalSection(ProjectConfigurationPlatforms) = postSolution
		{644F4DDB-5EDF-4CCF-A2BC-C7B55EF5E76F}.Debug|Any CPU.ActiveCfg = Debug|Any CPU
		{644F4DDB-5EDF-4CCF-A2BC-C7B55EF5E76F}.Debug|Any CPU.Build.0 = Debug|Any CPU
		{644F4DDB-5EDF-4CCF-A2BC-C7B55EF5E76F}.Release|Any CPU.ActiveCfg = Release|Any CPU
		{644F4DDB-5EDF-4CCF-A2BC-C7B55EF5E76F}.Release|Any CPU.Build.0 = Release|Any CPU
	EndGlobalSection
	GlobalSection(SolutionProperties) = preSolution
		HideSolutionNode = FALSE
	EndGlobalSection
	GlobalSection(ExtensibilityGlobals) = postSolution
		SolutionGuid = {EED690ED-4822-4F68-A446-F5B922D49A0A}
	EndGlobalSection
EndGlobal
